// !$*UTF8*$!
{
	archiveVersion = 1;
	classes = {
	};
	objectVersion = 48;
	objects = {

/* Begin PBXBuildFile section */
		00CFCE66F6836305B17C31FA /* Pods_meuslugares.framework in Frameworks */ = {isa = PBXBuildFile; fileRef = CFD91DA40048A2CADC746A92 /* Pods_meuslugares.framework */; };
		F42744272002A6A600A28250 /* location.json in Resources */ = {isa = PBXBuildFile; fileRef = F42744262002A6A600A28250 /* location.json */; };
		F42777181FEC276F0096A574 /* HudView.swift in Sources */ = {isa = PBXBuildFile; fileRef = F42777171FEC276F0096A574 /* HudView.swift */; };
		F427771B1FF263CE0096A574 /* DataModel.xcdatamodeld in Sources */ = {isa = PBXBuildFile; fileRef = F42777191FF263CE0096A574 /* DataModel.xcdatamodeld */; };
		F427771E1FF265FD0096A574 /* Location+CoreDataClass.swift in Sources */ = {isa = PBXBuildFile; fileRef = F427771C1FF265FD0096A574 /* Location+CoreDataClass.swift */; };
		F427771F1FF265FD0096A574 /* Location+CoreDataProperties.swift in Sources */ = {isa = PBXBuildFile; fileRef = F427771D1FF265FD0096A574 /* Location+CoreDataProperties.swift */; };
		F42777211FF2BEE90096A574 /* Functions.swift in Sources */ = {isa = PBXBuildFile; fileRef = F42777201FF2BEE90096A574 /* Functions.swift */; };
		F44CE8751FFE5A8D00D403DA /* UIImage+Resize.swift in Sources */ = {isa = PBXBuildFile; fileRef = F44CE8741FFE5A8D00D403DA /* UIImage+Resize.swift */; };
		F44CE8771FFE810E00D403DA /* String+AddText.swift in Sources */ = {isa = PBXBuildFile; fileRef = F44CE8761FFE810E00D403DA /* String+AddText.swift */; };
		F44CE8791FFEA28E00D403DA /* UIColor.swift in Sources */ = {isa = PBXBuildFile; fileRef = F44CE8781FFEA28E00D403DA /* UIColor.swift */; };
		F47E34521FF3FC6D00458F5C /* LocationsViewController.swift in Sources */ = {isa = PBXBuildFile; fileRef = F47E34511FF3FC6D00458F5C /* LocationsViewController.swift */; };
		F47E34551FF3FCA600458F5C /* LocationViewCell.swift in Sources */ = {isa = PBXBuildFile; fileRef = F47E34541FF3FCA600458F5C /* LocationViewCell.swift */; };
		F47E345D1FFBF56800458F5C /* MapKit.framework in Frameworks */ = {isa = PBXBuildFile; fileRef = F47E345C1FFBF56800458F5C /* MapKit.framework */; };
		F47E345F1FFBF61F00458F5C /* MapViewController.swift in Sources */ = {isa = PBXBuildFile; fileRef = F47E345E1FFBF61F00458F5C /* MapViewController.swift */; };
		F4A0119D205F24FE00DDDE13 /* meuslugaresUITests.swift in Sources */ = {isa = PBXBuildFile; fileRef = F4A0119C205F24FE00DDDE13 /* meuslugaresUITests.swift */; };
		F4A011A5205F25CD00DDDE13 /* SnapshotHelper.swift in Sources */ = {isa = PBXBuildFile; fileRef = F4A011A4205F25CC00DDDE13 /* SnapshotHelper.swift */; };
		F4DF71061FE811E000288915 /* AppDelegate.swift in Sources */ = {isa = PBXBuildFile; fileRef = F4DF71051FE811E000288915 /* AppDelegate.swift */; };
		F4DF710B1FE811E000288915 /* Main.storyboard in Resources */ = {isa = PBXBuildFile; fileRef = F4DF71091FE811E000288915 /* Main.storyboard */; };
		F4DF710D1FE811E000288915 /* Assets.xcassets in Resources */ = {isa = PBXBuildFile; fileRef = F4DF710C1FE811E000288915 /* Assets.xcassets */; };
		F4DF71181FE813B400288915 /* .gitignore in Resources */ = {isa = PBXBuildFile; fileRef = F4DF71171FE813B400288915 /* .gitignore */; };
		F4DF711A1FE814BE00288915 /* CurrentLocationViewController.swift in Sources */ = {isa = PBXBuildFile; fileRef = F4DF71191FE814BE00288915 /* CurrentLocationViewController.swift */; };
		F4DF711C1FE96DBE00288915 /* LocationDetailViewController.swift in Sources */ = {isa = PBXBuildFile; fileRef = F4DF711B1FE96DBE00288915 /* LocationDetailViewController.swift */; };
		F4DF711E1FEA72CC00288915 /* CategoryViewController.swift in Sources */ = {isa = PBXBuildFile; fileRef = F4DF711D1FEA72CC00288915 /* CategoryViewController.swift */; };
/* End PBXBuildFile section */

/* Begin PBXContainerItemProxy section */
		F4A0119F205F24FE00DDDE13 /* PBXContainerItemProxy */ = {
			isa = PBXContainerItemProxy;
			containerPortal = F4DF70FA1FE811DF00288915 /* Project object */;
			proxyType = 1;
			remoteGlobalIDString = F4DF71011FE811DF00288915;
			remoteInfo = meuslugares;
		};
/* End PBXContainerItemProxy section */

/* Begin PBXFileReference section */
		5A57966CABFA006C5F3BB501 /* Pods-meuslugares.release.xcconfig */ = {isa = PBXFileReference; includeInIndex = 1; lastKnownFileType = text.xcconfig; name = "Pods-meuslugares.release.xcconfig"; path = "Pods/Target Support Files/Pods-meuslugares/Pods-meuslugares.release.xcconfig"; sourceTree = "<group>"; };
		BBB25E7D6CF4588F0DBC8195 /* Pods-meuslugares.debug.xcconfig */ = {isa = PBXFileReference; includeInIndex = 1; lastKnownFileType = text.xcconfig; name = "Pods-meuslugares.debug.xcconfig"; path = "Pods/Target Support Files/Pods-meuslugares/Pods-meuslugares.debug.xcconfig"; sourceTree = "<group>"; };
		CFD91DA40048A2CADC746A92 /* Pods_meuslugares.framework */ = {isa = PBXFileReference; explicitFileType = wrapper.framework; includeInIndex = 0; path = Pods_meuslugares.framework; sourceTree = BUILT_PRODUCTS_DIR; };
		F42744262002A6A600A28250 /* location.json */ = {isa = PBXFileReference; fileEncoding = 4; lastKnownFileType = text.json; path = location.json; sourceTree = "<group>"; };
		F42777171FEC276F0096A574 /* HudView.swift */ = {isa = PBXFileReference; lastKnownFileType = sourcecode.swift; path = HudView.swift; sourceTree = "<group>"; };
		F427771A1FF263CE0096A574 /* DataModel.xcdatamodel */ = {isa = PBXFileReference; lastKnownFileType = wrapper.xcdatamodel; path = DataModel.xcdatamodel; sourceTree = "<group>"; };
		F427771C1FF265FD0096A574 /* Location+CoreDataClass.swift */ = {isa = PBXFileReference; lastKnownFileType = sourcecode.swift; path = "Location+CoreDataClass.swift"; sourceTree = "<group>"; };
		F427771D1FF265FD0096A574 /* Location+CoreDataProperties.swift */ = {isa = PBXFileReference; lastKnownFileType = sourcecode.swift; path = "Location+CoreDataProperties.swift"; sourceTree = "<group>"; };
		F42777201FF2BEE90096A574 /* Functions.swift */ = {isa = PBXFileReference; lastKnownFileType = sourcecode.swift; path = Functions.swift; sourceTree = "<group>"; };
		F44CE8741FFE5A8D00D403DA /* UIImage+Resize.swift */ = {isa = PBXFileReference; lastKnownFileType = sourcecode.swift; path = "UIImage+Resize.swift"; sourceTree = "<group>"; };
		F44CE8761FFE810E00D403DA /* String+AddText.swift */ = {isa = PBXFileReference; lastKnownFileType = sourcecode.swift; path = "String+AddText.swift"; sourceTree = "<group>"; };
		F44CE8781FFEA28E00D403DA /* UIColor.swift */ = {isa = PBXFileReference; lastKnownFileType = sourcecode.swift; path = UIColor.swift; sourceTree = "<group>"; };
		F47E34511FF3FC6D00458F5C /* LocationsViewController.swift */ = {isa = PBXFileReference; lastKnownFileType = sourcecode.swift; path = LocationsViewController.swift; sourceTree = "<group>"; };
		F47E34541FF3FCA600458F5C /* LocationViewCell.swift */ = {isa = PBXFileReference; lastKnownFileType = sourcecode.swift; path = LocationViewCell.swift; sourceTree = "<group>"; };
		F47E345C1FFBF56800458F5C /* MapKit.framework */ = {isa = PBXFileReference; lastKnownFileType = wrapper.framework; name = MapKit.framework; path = System/Library/Frameworks/MapKit.framework; sourceTree = SDKROOT; };
		F47E345E1FFBF61F00458F5C /* MapViewController.swift */ = {isa = PBXFileReference; lastKnownFileType = sourcecode.swift; path = MapViewController.swift; sourceTree = "<group>"; };
		F4A0119A205F24FE00DDDE13 /* meuslugaresUITests.xctest */ = {isa = PBXFileReference; explicitFileType = wrapper.cfbundle; includeInIndex = 0; path = meuslugaresUITests.xctest; sourceTree = BUILT_PRODUCTS_DIR; };
		F4A0119C205F24FE00DDDE13 /* meuslugaresUITests.swift */ = {isa = PBXFileReference; lastKnownFileType = sourcecode.swift; path = meuslugaresUITests.swift; sourceTree = "<group>"; };
		F4A0119E205F24FE00DDDE13 /* Info.plist */ = {isa = PBXFileReference; lastKnownFileType = text.plist.xml; path = Info.plist; sourceTree = "<group>"; };
		F4A011A4205F25CC00DDDE13 /* SnapshotHelper.swift */ = {isa = PBXFileReference; fileEncoding = 4; lastKnownFileType = sourcecode.swift; name = SnapshotHelper.swift; path = fastlane/SnapshotHelper.swift; sourceTree = SOURCE_ROOT; };
		F4DF71021FE811DF00288915 /* meuslugares.app */ = {isa = PBXFileReference; explicitFileType = wrapper.application; includeInIndex = 0; path = meuslugares.app; sourceTree = BUILT_PRODUCTS_DIR; };
		F4DF71051FE811E000288915 /* AppDelegate.swift */ = {isa = PBXFileReference; lastKnownFileType = sourcecode.swift; path = AppDelegate.swift; sourceTree = "<group>"; };
		F4DF710A1FE811E000288915 /* Base */ = {isa = PBXFileReference; lastKnownFileType = file.storyboard; name = Base; path = Base.lproj/Main.storyboard; sourceTree = "<group>"; };
		F4DF710C1FE811E000288915 /* Assets.xcassets */ = {isa = PBXFileReference; lastKnownFileType = folder.assetcatalog; path = Assets.xcassets; sourceTree = "<group>"; };
		F4DF71111FE811E000288915 /* Info.plist */ = {isa = PBXFileReference; lastKnownFileType = text.plist.xml; path = Info.plist; sourceTree = "<group>"; };
		F4DF71171FE813B400288915 /* .gitignore */ = {isa = PBXFileReference; fileEncoding = 4; lastKnownFileType = text; path = .gitignore; sourceTree = "<group>"; };
		F4DF71191FE814BE00288915 /* CurrentLocationViewController.swift */ = {isa = PBXFileReference; lastKnownFileType = sourcecode.swift; path = CurrentLocationViewController.swift; sourceTree = "<group>"; };
		F4DF711B1FE96DBE00288915 /* LocationDetailViewController.swift */ = {isa = PBXFileReference; lastKnownFileType = sourcecode.swift; path = LocationDetailViewController.swift; sourceTree = "<group>"; };
		F4DF711D1FEA72CC00288915 /* CategoryViewController.swift */ = {isa = PBXFileReference; lastKnownFileType = sourcecode.swift; path = CategoryViewController.swift; sourceTree = "<group>"; };
/* End PBXFileReference section */

/* Begin PBXFrameworksBuildPhase section */
		F4A01197205F24FE00DDDE13 /* Frameworks */ = {
			isa = PBXFrameworksBuildPhase;
			buildActionMask = 2147483647;
			files = (
			);
			runOnlyForDeploymentPostprocessing = 0;
		};
		F4DF70FF1FE811DF00288915 /* Frameworks */ = {
			isa = PBXFrameworksBuildPhase;
			buildActionMask = 2147483647;
			files = (
				F47E345D1FFBF56800458F5C /* MapKit.framework in Frameworks */,
				00CFCE66F6836305B17C31FA /* Pods_meuslugares.framework in Frameworks */,
			);
			runOnlyForDeploymentPostprocessing = 0;
		};
/* End PBXFrameworksBuildPhase section */

/* Begin PBXGroup section */
		F47E34561FF412B600458F5C /* viewControllers */ = {
			isa = PBXGroup;
			children = (
				F4DF71191FE814BE00288915 /* CurrentLocationViewController.swift */,
				F4DF711B1FE96DBE00288915 /* LocationDetailViewController.swift */,
				F4DF711D1FEA72CC00288915 /* CategoryViewController.swift */,
				F47E34511FF3FC6D00458F5C /* LocationsViewController.swift */,
				F47E345E1FFBF61F00458F5C /* MapViewController.swift */,
			);
			path = viewControllers;
			sourceTree = "<group>";
		};
		F47E34571FF412C200458F5C /* cell */ = {
			isa = PBXGroup;
			children = (
				F47E34541FF3FCA600458F5C /* LocationViewCell.swift */,
			);
			path = cell;
			sourceTree = "<group>";
		};
		F47E34581FF412D200458F5C /* coreData */ = {
			isa = PBXGroup;
			children = (
				F427771C1FF265FD0096A574 /* Location+CoreDataClass.swift */,
				F427771D1FF265FD0096A574 /* Location+CoreDataProperties.swift */,
			);
			path = coreData;
			sourceTree = "<group>";
		};
		F47E34591FF412E400458F5C /* utils */ = {
			isa = PBXGroup;
			children = (
				F42777171FEC276F0096A574 /* HudView.swift */,
				F42777201FF2BEE90096A574 /* Functions.swift */,
				F44CE8741FFE5A8D00D403DA /* UIImage+Resize.swift */,
				F44CE8761FFE810E00D403DA /* String+AddText.swift */,
				F44CE8781FFEA28E00D403DA /* UIColor.swift */,
			);
			path = utils;
			sourceTree = "<group>";
		};
		F47E345A1FF412F600458F5C /* storyboards */ = {
			isa = PBXGroup;
			children = (
				F4DF71091FE811E000288915 /* Main.storyboard */,
			);
			path = storyboards;
			sourceTree = "<group>";
		};
		F47E345B1FFBF56800458F5C /* Frameworks */ = {
			isa = PBXGroup;
			children = (
				F47E345C1FFBF56800458F5C /* MapKit.framework */,
				CFD91DA40048A2CADC746A92 /* Pods_meuslugares.framework */,
			);
			name = Frameworks;
			sourceTree = "<group>";
		};
		F4A0119B205F24FE00DDDE13 /* meuslugaresUITests */ = {
			isa = PBXGroup;
			children = (
				F4A011A4205F25CC00DDDE13 /* SnapshotHelper.swift */,
				F4A0119C205F24FE00DDDE13 /* meuslugaresUITests.swift */,
				F4A0119E205F24FE00DDDE13 /* Info.plist */,
			);
			path = meuslugaresUITests;
			sourceTree = "<group>";
		};
		F4DF70F91FE811DF00288915 = {
			isa = PBXGroup;
			children = (
				F4DF71041FE811E000288915 /* meuslugares */,
				F4A0119B205F24FE00DDDE13 /* meuslugaresUITests */,
				F4DF71031FE811DF00288915 /* Products */,
				F47E345B1FFBF56800458F5C /* Frameworks */,
				FACC2FDA4D3005EC9EA09BCC /* Pods */,
			);
			sourceTree = "<group>";
		};
		F4DF71031FE811DF00288915 /* Products */ = {
			isa = PBXGroup;
			children = (
				F4DF71021FE811DF00288915 /* meuslugares.app */,
				F4A0119A205F24FE00DDDE13 /* meuslugaresUITests.xctest */,
			);
			name = Products;
			sourceTree = "<group>";
		};
		F4DF71041FE811E000288915 /* meuslugares */ = {
			isa = PBXGroup;
			children = (
				F4DF71051FE811E000288915 /* AppDelegate.swift */,
				F47E34581FF412D200458F5C /* coreData */,
				F47E34561FF412B600458F5C /* viewControllers */,
				F47E34571FF412C200458F5C /* cell */,
				F47E34591FF412E400458F5C /* utils */,
				F47E345A1FF412F600458F5C /* storyboards */,
				F4DF710C1FE811E000288915 /* Assets.xcassets */,
				F4DF71171FE813B400288915 /* .gitignore */,
				F42744262002A6A600A28250 /* location.json */,
				F4DF71111FE811E000288915 /* Info.plist */,
				F42777191FF263CE0096A574 /* DataModel.xcdatamodeld */,
			);
			path = meuslugares;
			sourceTree = "<group>";
		};
		FACC2FDA4D3005EC9EA09BCC /* Pods */ = {
			isa = PBXGroup;
			children = (
				BBB25E7D6CF4588F0DBC8195 /* Pods-meuslugares.debug.xcconfig */,
				5A57966CABFA006C5F3BB501 /* Pods-meuslugares.release.xcconfig */,
			);
			name = Pods;
			sourceTree = "<group>";
		};
/* End PBXGroup section */

/* Begin PBXNativeTarget section */
		F4A01199205F24FE00DDDE13 /* meuslugaresUITests */ = {
			isa = PBXNativeTarget;
			buildConfigurationList = F4A011A3205F24FE00DDDE13 /* Build configuration list for PBXNativeTarget "meuslugaresUITests" */;
			buildPhases = (
				F4A01196205F24FE00DDDE13 /* Sources */,
				F4A01197205F24FE00DDDE13 /* Frameworks */,
				F4A01198205F24FE00DDDE13 /* Resources */,
			);
			buildRules = (
			);
			dependencies = (
				F4A011A0205F24FE00DDDE13 /* PBXTargetDependency */,
			);
			name = meuslugaresUITests;
			productName = meuslugaresUITests;
			productReference = F4A0119A205F24FE00DDDE13 /* meuslugaresUITests.xctest */;
			productType = "com.apple.product-type.bundle.ui-testing";
		};
		F4DF71011FE811DF00288915 /* meuslugares */ = {
			isa = PBXNativeTarget;
			buildConfigurationList = F4DF71141FE811E000288915 /* Build configuration list for PBXNativeTarget "meuslugares" */;
			buildPhases = (
				F806C93C9B0F59E7825163AE /* [CP] Check Pods Manifest.lock */,
				F4DF70FE1FE811DF00288915 /* Sources */,
				F4DF70FF1FE811DF00288915 /* Frameworks */,
				F4DF71001FE811DF00288915 /* Resources */,
				B4E83C2CF590E8CD04E3E45B /* [CP] Embed Pods Frameworks */,
				1B371AB084A7509E5E7F202A /* [CP] Copy Pods Resources */,
			);
			buildRules = (
			);
			dependencies = (
			);
			name = meuslugares;
			productName = meuslugares;
			productReference = F4DF71021FE811DF00288915 /* meuslugares.app */;
			productType = "com.apple.product-type.application";
		};
/* End PBXNativeTarget section */

/* Begin PBXProject section */
		F4DF70FA1FE811DF00288915 /* Project object */ = {
			isa = PBXProject;
			attributes = {
				LastSwiftUpdateCheck = 0920;
				LastUpgradeCheck = 0920;
				ORGANIZATIONNAME = "Bruno Lemgruber";
				TargetAttributes = {
					F4A01199205F24FE00DDDE13 = {
						CreatedOnToolsVersion = 9.2;
						ProvisioningStyle = Automatic;
						TestTargetID = F4DF71011FE811DF00288915;
					};
					F4DF71011FE811DF00288915 = {
						CreatedOnToolsVersion = 9.2;
						ProvisioningStyle = Manual;
						SystemCapabilities = {
							com.apple.Maps.iOS = {
								enabled = 1;
							};
						};
					};
				};
			};
			buildConfigurationList = F4DF70FD1FE811DF00288915 /* Build configuration list for PBXProject "meuslugares" */;
			compatibilityVersion = "Xcode 8.0";
			developmentRegion = en;
			hasScannedForEncodings = 0;
			knownRegions = (
				en,
				Base,
			);
			mainGroup = F4DF70F91FE811DF00288915;
			productRefGroup = F4DF71031FE811DF00288915 /* Products */;
			projectDirPath = "";
			projectRoot = "";
			targets = (
				F4DF71011FE811DF00288915 /* meuslugares */,
				F4A01199205F24FE00DDDE13 /* meuslugaresUITests */,
			);
		};
/* End PBXProject section */

/* Begin PBXResourcesBuildPhase section */
		F4A01198205F24FE00DDDE13 /* Resources */ = {
			isa = PBXResourcesBuildPhase;
			buildActionMask = 2147483647;
			files = (
			);
			runOnlyForDeploymentPostprocessing = 0;
		};
		F4DF71001FE811DF00288915 /* Resources */ = {
			isa = PBXResourcesBuildPhase;
			buildActionMask = 2147483647;
			files = (
				F4DF71181FE813B400288915 /* .gitignore in Resources */,
				F4DF710D1FE811E000288915 /* Assets.xcassets in Resources */,
				F42744272002A6A600A28250 /* location.json in Resources */,
				F4DF710B1FE811E000288915 /* Main.storyboard in Resources */,
			);
			runOnlyForDeploymentPostprocessing = 0;
		};
/* End PBXResourcesBuildPhase section */

/* Begin PBXShellScriptBuildPhase section */
		1B371AB084A7509E5E7F202A /* [CP] Copy Pods Resources */ = {
			isa = PBXShellScriptBuildPhase;
			buildActionMask = 2147483647;
			files = (
			);
			inputPaths = (
			);
			name = "[CP] Copy Pods Resources";
			outputPaths = (
			);
			runOnlyForDeploymentPostprocessing = 0;
			shellPath = /bin/sh;
			shellScript = "\"${SRCROOT}/Pods/Target Support Files/Pods-meuslugares/Pods-meuslugares-resources.sh\"\n";
			showEnvVarsInLog = 0;
		};
		B4E83C2CF590E8CD04E3E45B /* [CP] Embed Pods Frameworks */ = {
			isa = PBXShellScriptBuildPhase;
			buildActionMask = 2147483647;
			files = (
			);
			inputPaths = (
				"${SRCROOT}/Pods/Target Support Files/Pods-meuslugares/Pods-meuslugares-frameworks.sh",
				"${BUILT_PRODUCTS_DIR}/lottie-ios/Lottie.framework",
			);
			name = "[CP] Embed Pods Frameworks";
			outputPaths = (
				"${TARGET_BUILD_DIR}/${FRAMEWORKS_FOLDER_PATH}/Lottie.framework",
			);
			runOnlyForDeploymentPostprocessing = 0;
			shellPath = /bin/sh;
			shellScript = "\"${SRCROOT}/Pods/Target Support Files/Pods-meuslugares/Pods-meuslugares-frameworks.sh\"\n";
			showEnvVarsInLog = 0;
		};
		F806C93C9B0F59E7825163AE /* [CP] Check Pods Manifest.lock */ = {
			isa = PBXShellScriptBuildPhase;
			buildActionMask = 2147483647;
			files = (
			);
			inputPaths = (
				"${PODS_PODFILE_DIR_PATH}/Podfile.lock",
				"${PODS_ROOT}/Manifest.lock",
			);
			name = "[CP] Check Pods Manifest.lock";
			outputPaths = (
				"$(DERIVED_FILE_DIR)/Pods-meuslugares-checkManifestLockResult.txt",
			);
			runOnlyForDeploymentPostprocessing = 0;
			shellPath = /bin/sh;
			shellScript = "diff \"${PODS_PODFILE_DIR_PATH}/Podfile.lock\" \"${PODS_ROOT}/Manifest.lock\" > /dev/null\nif [ $? != 0 ] ; then\n    # print error to STDERR\n    echo \"error: The sandbox is not in sync with the Podfile.lock. Run 'pod install' or update your CocoaPods installation.\" >&2\n    exit 1\nfi\n# This output is used by Xcode 'outputs' to avoid re-running this script phase.\necho \"SUCCESS\" > \"${SCRIPT_OUTPUT_FILE_0}\"\n";
			showEnvVarsInLog = 0;
		};
/* End PBXShellScriptBuildPhase section */

/* Begin PBXSourcesBuildPhase section */
		F4A01196205F24FE00DDDE13 /* Sources */ = {
			isa = PBXSourcesBuildPhase;
			buildActionMask = 2147483647;
			files = (
				F4A0119D205F24FE00DDDE13 /* meuslugaresUITests.swift in Sources */,
				F4A011A5205F25CD00DDDE13 /* SnapshotHelper.swift in Sources */,
			);
			runOnlyForDeploymentPostprocessing = 0;
		};
		F4DF70FE1FE811DF00288915 /* Sources */ = {
			isa = PBXSourcesBuildPhase;
			buildActionMask = 2147483647;
			files = (
				F427771F1FF265FD0096A574 /* Location+CoreDataProperties.swift in Sources */,
				F47E34521FF3FC6D00458F5C /* LocationsViewController.swift in Sources */,
				F427771E1FF265FD0096A574 /* Location+CoreDataClass.swift in Sources */,
				F42777211FF2BEE90096A574 /* Functions.swift in Sources */,
				F44CE8791FFEA28E00D403DA /* UIColor.swift in Sources */,
				F4DF711E1FEA72CC00288915 /* CategoryViewController.swift in Sources */,
				F44CE8751FFE5A8D00D403DA /* UIImage+Resize.swift in Sources */,
				F47E34551FF3FCA600458F5C /* LocationViewCell.swift in Sources */,
				F42777181FEC276F0096A574 /* HudView.swift in Sources */,
				F47E345F1FFBF61F00458F5C /* MapViewController.swift in Sources */,
				F44CE8771FFE810E00D403DA /* String+AddText.swift in Sources */,
				F4DF71061FE811E000288915 /* AppDelegate.swift in Sources */,
				F427771B1FF263CE0096A574 /* DataModel.xcdatamodeld in Sources */,
				F4DF711C1FE96DBE00288915 /* LocationDetailViewController.swift in Sources */,
				F4DF711A1FE814BE00288915 /* CurrentLocationViewController.swift in Sources */,
			);
			runOnlyForDeploymentPostprocessing = 0;
		};
/* End PBXSourcesBuildPhase section */

/* Begin PBXTargetDependency section */
		F4A011A0205F24FE00DDDE13 /* PBXTargetDependency */ = {
			isa = PBXTargetDependency;
			target = F4DF71011FE811DF00288915 /* meuslugares */;
			targetProxy = F4A0119F205F24FE00DDDE13 /* PBXContainerItemProxy */;
		};
/* End PBXTargetDependency section */

/* Begin PBXVariantGroup section */
		F4DF71091FE811E000288915 /* Main.storyboard */ = {
			isa = PBXVariantGroup;
			children = (
				F4DF710A1FE811E000288915 /* Base */,
			);
			name = Main.storyboard;
			sourceTree = "<group>";
		};
/* End PBXVariantGroup section */

/* Begin XCBuildConfiguration section */
		F4A011A1205F24FE00DDDE13 /* Debug */ = {
			isa = XCBuildConfiguration;
			buildSettings = {
				CODE_SIGN_STYLE = Automatic;
				DEVELOPMENT_TEAM = 8UW672R5KC;
				INFOPLIST_FILE = meuslugaresUITests/Info.plist;
				LD_RUNPATH_SEARCH_PATHS = "$(inherited) @executable_path/Frameworks @loader_path/Frameworks";
				PRODUCT_BUNDLE_IDENTIFIER = br.com.meuslugaresUITests;
				PRODUCT_NAME = "$(TARGET_NAME)";
				SWIFT_VERSION = 4.0;
				TARGETED_DEVICE_FAMILY = "1,2";
				TEST_TARGET_NAME = meuslugares;
			};
			name = Debug;
		};
		F4A011A2205F24FE00DDDE13 /* Release */ = {
			isa = XCBuildConfiguration;
			buildSettings = {
				CODE_SIGN_STYLE = Automatic;
				DEVELOPMENT_TEAM = 8UW672R5KC;
				INFOPLIST_FILE = meuslugaresUITests/Info.plist;
				LD_RUNPATH_SEARCH_PATHS = "$(inherited) @executable_path/Frameworks @loader_path/Frameworks";
				PRODUCT_BUNDLE_IDENTIFIER = br.com.meuslugaresUITests;
				PRODUCT_NAME = "$(TARGET_NAME)";
				SWIFT_VERSION = 4.0;
				TARGETED_DEVICE_FAMILY = "1,2";
				TEST_TARGET_NAME = meuslugares;
			};
			name = Release;
		};
		F4DF71121FE811E000288915 /* Debug */ = {
			isa = XCBuildConfiguration;
			buildSettings = {
				ALWAYS_SEARCH_USER_PATHS = NO;
				CLANG_ANALYZER_NONNULL = YES;
				CLANG_ANALYZER_NUMBER_OBJECT_CONVERSION = YES_AGGRESSIVE;
				CLANG_CXX_LANGUAGE_STANDARD = "gnu++14";
				CLANG_CXX_LIBRARY = "libc++";
				CLANG_ENABLE_MODULES = YES;
				CLANG_ENABLE_OBJC_ARC = YES;
				CLANG_WARN_BLOCK_CAPTURE_AUTORELEASING = YES;
				CLANG_WARN_BOOL_CONVERSION = YES;
				CLANG_WARN_COMMA = YES;
				CLANG_WARN_CONSTANT_CONVERSION = YES;
				CLANG_WARN_DIRECT_OBJC_ISA_USAGE = YES_ERROR;
				CLANG_WARN_DOCUMENTATION_COMMENTS = YES;
				CLANG_WARN_EMPTY_BODY = YES;
				CLANG_WARN_ENUM_CONVERSION = YES;
				CLANG_WARN_INFINITE_RECURSION = YES;
				CLANG_WARN_INT_CONVERSION = YES;
				CLANG_WARN_NON_LITERAL_NULL_CONVERSION = YES;
				CLANG_WARN_OBJC_LITERAL_CONVERSION = YES;
				CLANG_WARN_OBJC_ROOT_CLASS = YES_ERROR;
				CLANG_WARN_RANGE_LOOP_ANALYSIS = YES;
				CLANG_WARN_STRICT_PROTOTYPES = YES;
				CLANG_WARN_SUSPICIOUS_MOVE = YES;
				CLANG_WARN_UNGUARDED_AVAILABILITY = YES_AGGRESSIVE;
				CLANG_WARN_UNREACHABLE_CODE = YES;
				CLANG_WARN__DUPLICATE_METHOD_MATCH = YES;
				CODE_SIGN_IDENTITY = "iPhone Developer";
				COPY_PHASE_STRIP = NO;
				CURRENT_PROJECT_VERSION = 3;
				DEBUG_INFORMATION_FORMAT = dwarf;
				ENABLE_STRICT_OBJC_MSGSEND = YES;
				ENABLE_TESTABILITY = YES;
				GCC_C_LANGUAGE_STANDARD = gnu11;
				GCC_DYNAMIC_NO_PIC = NO;
				GCC_NO_COMMON_BLOCKS = YES;
				GCC_OPTIMIZATION_LEVEL = 0;
				GCC_PREPROCESSOR_DEFINITIONS = (
					"DEBUG=1",
					"$(inherited)",
				);
				GCC_WARN_64_TO_32_BIT_CONVERSION = YES;
				GCC_WARN_ABOUT_RETURN_TYPE = YES_ERROR;
				GCC_WARN_UNDECLARED_SELECTOR = YES;
				GCC_WARN_UNINITIALIZED_AUTOS = YES_AGGRESSIVE;
				GCC_WARN_UNUSED_FUNCTION = YES;
				GCC_WARN_UNUSED_VARIABLE = YES;
				IPHONEOS_DEPLOYMENT_TARGET = 11.2;
				MTL_ENABLE_DEBUG_INFO = YES;
				ONLY_ACTIVE_ARCH = YES;
				SDKROOT = iphoneos;
				SWIFT_ACTIVE_COMPILATION_CONDITIONS = DEBUG;
				SWIFT_OPTIMIZATION_LEVEL = "-Onone";
				VERSIONING_SYSTEM = "apple-generic";
			};
			name = Debug;
		};
		F4DF71131FE811E000288915 /* Release */ = {
			isa = XCBuildConfiguration;
			buildSettings = {
				ALWAYS_SEARCH_USER_PATHS = NO;
				CLANG_ANALYZER_NONNULL = YES;
				CLANG_ANALYZER_NUMBER_OBJECT_CONVERSION = YES_AGGRESSIVE;
				CLANG_CXX_LANGUAGE_STANDARD = "gnu++14";
				CLANG_CXX_LIBRARY = "libc++";
				CLANG_ENABLE_MODULES = YES;
				CLANG_ENABLE_OBJC_ARC = YES;
				CLANG_WARN_BLOCK_CAPTURE_AUTORELEASING = YES;
				CLANG_WARN_BOOL_CONVERSION = YES;
				CLANG_WARN_COMMA = YES;
				CLANG_WARN_CONSTANT_CONVERSION = YES;
				CLANG_WARN_DIRECT_OBJC_ISA_USAGE = YES_ERROR;
				CLANG_WARN_DOCUMENTATION_COMMENTS = YES;
				CLANG_WARN_EMPTY_BODY = YES;
				CLANG_WARN_ENUM_CONVERSION = YES;
				CLANG_WARN_INFINITE_RECURSION = YES;
				CLANG_WARN_INT_CONVERSION = YES;
				CLANG_WARN_NON_LITERAL_NULL_CONVERSION = YES;
				CLANG_WARN_OBJC_LITERAL_CONVERSION = YES;
				CLANG_WARN_OBJC_ROOT_CLASS = YES_ERROR;
				CLANG_WARN_RANGE_LOOP_ANALYSIS = YES;
				CLANG_WARN_STRICT_PROTOTYPES = YES;
				CLANG_WARN_SUSPICIOUS_MOVE = YES;
				CLANG_WARN_UNGUARDED_AVAILABILITY = YES_AGGRESSIVE;
				CLANG_WARN_UNREACHABLE_CODE = YES;
				CLANG_WARN__DUPLICATE_METHOD_MATCH = YES;
				CODE_SIGN_IDENTITY = "iPhone Developer";
				COPY_PHASE_STRIP = NO;
				CURRENT_PROJECT_VERSION = 3;
				DEBUG_INFORMATION_FORMAT = "dwarf-with-dsym";
				ENABLE_NS_ASSERTIONS = NO;
				ENABLE_STRICT_OBJC_MSGSEND = YES;
				GCC_C_LANGUAGE_STANDARD = gnu11;
				GCC_NO_COMMON_BLOCKS = YES;
				GCC_WARN_64_TO_32_BIT_CONVERSION = YES;
				GCC_WARN_ABOUT_RETURN_TYPE = YES_ERROR;
				GCC_WARN_UNDECLARED_SELECTOR = YES;
				GCC_WARN_UNINITIALIZED_AUTOS = YES_AGGRESSIVE;
				GCC_WARN_UNUSED_FUNCTION = YES;
				GCC_WARN_UNUSED_VARIABLE = YES;
				IPHONEOS_DEPLOYMENT_TARGET = 11.2;
				MTL_ENABLE_DEBUG_INFO = NO;
				SDKROOT = iphoneos;
				SWIFT_OPTIMIZATION_LEVEL = "-Owholemodule";
				VALIDATE_PRODUCT = YES;
				VERSIONING_SYSTEM = "apple-generic";
			};
			name = Release;
		};
		F4DF71151FE811E000288915 /* Debug */ = {
			isa = XCBuildConfiguration;
			baseConfigurationReference = BBB25E7D6CF4588F0DBC8195 /* Pods-meuslugares.debug.xcconfig */;
			buildSettings = {
				ASSETCATALOG_COMPILER_APPICON_NAME = AppIcon;
				CODE_SIGN_STYLE = Manual;
				DEVELOPMENT_TEAM = 8UW672R5KC;
				INFOPLIST_FILE = meuslugares/Info.plist;
				LD_RUNPATH_SEARCH_PATHS = "$(inherited) @executable_path/Frameworks";
				PRODUCT_BUNDLE_IDENTIFIER = br.com.meuslugares;
				PRODUCT_NAME = "$(TARGET_NAME)";
				PROVISIONING_PROFILE = "d4fdc402-d977-4e9b-841c-fe7e4aec038a";
				PROVISIONING_PROFILE_SPECIFIER = "match Development br.com.meuslugares";
				SWIFT_VERSION = 4.0;
				TARGETED_DEVICE_FAMILY = 1;
			};
			name = Debug;
		};
		F4DF71161FE811E000288915 /* Release */ = {
			isa = XCBuildConfiguration;
			baseConfigurationReference = 5A57966CABFA006C5F3BB501 /* Pods-meuslugares.release.xcconfig */;
			buildSettings = {
				ASSETCATALOG_COMPILER_APPICON_NAME = AppIcon;
				"CODE_SIGN_IDENTITY[sdk=iphoneos*]" = "iPhone Distribution";
				CODE_SIGN_STYLE = Manual;
				DEVELOPMENT_TEAM = 8UW672R5KC;
				INFOPLIST_FILE = meuslugares/Info.plist;
				LD_RUNPATH_SEARCH_PATHS = "$(inherited) @executable_path/Frameworks";
				PRODUCT_BUNDLE_IDENTIFIER = br.com.meuslugares;
				PRODUCT_NAME = "$(TARGET_NAME)";
				PROVISIONING_PROFILE = "03b9878d-9a02-410c-be10-280d4e97a4b8";
				PROVISIONING_PROFILE_SPECIFIER = "match AppStore br.com.meuslugares";
				SWIFT_VERSION = 4.0;
				TARGETED_DEVICE_FAMILY = 1;
			};
			name = Release;
		};
/* End XCBuildConfiguration section */

/* Begin XCConfigurationList section */
		F4A011A3205F24FE00DDDE13 /* Build configuration list for PBXNativeTarget "meuslugaresUITests" */ = {
			isa = XCConfigurationList;
			buildConfigurations = (
				F4A011A1205F24FE00DDDE13 /* Debug */,
				F4A011A2205F24FE00DDDE13 /* Release */,
			);
			defaultConfigurationIsVisible = 0;
			defaultConfigurationName = Release;
		};
		F4DF70FD1FE811DF00288915 /* Build configuration list for PBXProject "meuslugares" */ = {
			isa = XCConfigurationList;
			buildConfigurations = (
				F4DF71121FE811E000288915 /* Debug */,
				F4DF71131FE811E000288915 /* Release */,
			);
			defaultConfigurationIsVisible = 0;
			defaultConfigurationName = Release;
		};
		F4DF71141FE811E000288915 /* Build configuration list for PBXNativeTarget "meuslugares" */ = {
			isa = XCConfigurationList;
			buildConfigurations = (
				F4DF71151FE811E000288915 /* Debug */,
				F4DF71161FE811E000288915 /* Release */,
			);
			defaultConfigurationIsVisible = 0;
			defaultConfigurationName = Release;
		};
/* End XCConfigurationList section */

/* Begin XCVersionGroup section */
		F42777191FF263CE0096A574 /* DataModel.xcdatamodeld */ = {
			isa = XCVersionGroup;
			children = (
				F427771A1FF263CE0096A574 /* DataModel.xcdatamodel */,
			);
			currentVersion = F427771A1FF263CE0096A574 /* DataModel.xcdatamodel */;
			path = DataModel.xcdatamodeld;
			sourceTree = "<group>";
			versionGroupType = wrapper.xcdatamodel;
		};
/* End XCVersionGroup section */
	};
	rootObject = F4DF70FA1FE811DF00288915 /* Project object */;
}
